
Microsoft Visual Studio Solution File, Format Version 12.00
# Visual Studio 2012
Project("{FAE04EC0-301F-11D3-BF4B-00C04F79EFBC}") = "01. FiveVariables", "01. FiveVariables\01. FiveVariables.csproj", "{BD1F32F8-8AA4-4BE0-BD7A-686A375797E4}"
EndProject
Project("{FAE04EC0-301F-11D3-BF4B-00C04F79EFBC}") = "2.DoubleFloatVariables", "2.DoubleFloatVariables\2.DoubleFloatVariables.csproj", "{B9F7A33B-9890-458B-AD32-049EE3331185}"
EndProject
Project("{FAE04EC0-301F-11D3-BF4B-00C04F79EFBC}") = "3. FloatingPointPrecision", "3. FloatingPointPrecision\3. FloatingPointPrecision.csproj", "{923CF6ED-7B3A-4055-B1D4-78FBA77B2646}"
EndProject
Project("{FAE04EC0-301F-11D3-BF4B-00C04F79EFBC}") = "4.DeclareHexadecimal", "4.DeclareHexadecimal\4.DeclareHexadecimal.csproj", "{F033D37A-8C9A-4328-B26F-6A8B3DF872BD}"
EndProject
Project("{FAE04EC0-301F-11D3-BF4B-00C04F79EFBC}") = "5.DeclareChar", "5.DeclareChar\5.DeclareChar.csproj", "{F58F9202-CDAC-4EC2-8A20-987A509DB36F}"
EndProject
Project("{FAE04EC0-301F-11D3-BF4B-00C04F79EFBC}") = "6. BooleanVariable", "6. BooleanVariable\6. BooleanVariable.csproj", "{0A12265E-A091-44B1-8719-105B567F0279}"
EndProject
Project("{FAE04EC0-301F-11D3-BF4B-00C04F79EFBC}") = "7.HelloWorld", "7.HelloWorld\7.HelloWorld.csproj", "{B7332656-EE12-42FC-99C9-CFD92BFCAAA6}"
EndProject
Project("{FAE04EC0-301F-11D3-BF4B-00C04F79EFBC}") = "8. quote", "8. string\8. quote.csproj", "{76AD9218-CFAA-47C9-9701-F21873A7FD09}"
EndProject
Project("{FAE04EC0-301F-11D3-BF4B-00C04F79EFBC}") = "9. PyramidCharacter", "9. PyramidCharacter\9. PyramidCharacter.csproj", "{48B9C90D-901E-49E0-8CE7-42268FB1A4F8}"
EndProject
Project("{FAE04EC0-301F-11D3-BF4B-00C04F79EFBC}") = "10. FirmRecords", "10. FirmRecords\10. FirmRecords.csproj", "{80594263-B664-43DD-8D9B-B2D1B6C72071}"
EndProject
Project("{FAE04EC0-301F-11D3-BF4B-00C04F79EFBC}") = "11.ExchangeNums", "11.\11.ExchangeNums.csproj", "{AA4CC9B1-A626-49AF-947F-E83CB6BCB08B}"
EndProject
Project("{FAE04EC0-301F-11D3-BF4B-00C04F79EFBC}") = "12.ASCIICode", "12.ASCIICode\12.ASCIICode.csproj", "{D95590BF-2421-4F27-8039-9D7834D8AD04}"
EndProject
Project("{FAE04EC0-301F-11D3-BF4B-00C04F79EFBC}") = "13.NullValues", "13.NullValues\13.NullValues.csproj", "{C5ADA75F-63B7-42BB-BC87-634EC251FE94}"
EndProject
Global
	GlobalSection(SolutionConfigurationPlatforms) = preSolution
		Debug|Any CPU = Debug|Any CPU
		Release|Any CPU = Release|Any CPU
	EndGlobalSection
	GlobalSection(ProjectConfigurationPlatforms) = postSolution
		{BD1F32F8-8AA4-4BE0-BD7A-686A375797E4}.Debug|Any CPU.ActiveCfg = Debug|Any CPU
		{BD1F32F8-8AA4-4BE0-BD7A-686A375797E4}.Debug|Any CPU.Build.0 = Debug|Any CPU
		{BD1F32F8-8AA4-4BE0-BD7A-686A375797E4}.Release|Any CPU.ActiveCfg = Release|Any CPU
		{BD1F32F8-8AA4-4BE0-BD7A-686A375797E4}.Release|Any CPU.Build.0 = Release|Any CPU
		{B9F7A33B-9890-458B-AD32-049EE3331185}.Debug|Any CPU.ActiveCfg = Debug|Any CPU
		{B9F7A33B-9890-458B-AD32-049EE3331185}.Debug|Any CPU.Build.0 = Debug|Any CPU
		{B9F7A33B-9890-458B-AD32-049EE3331185}.Release|Any CPU.ActiveCfg = Release|Any CPU
		{B9F7A33B-9890-458B-AD32-049EE3331185}.Release|Any CPU.Build.0 = Release|Any CPU
		{923CF6ED-7B3A-4055-B1D4-78FBA77B2646}.Debug|Any CPU.ActiveCfg = Debug|Any CPU
		{923CF6ED-7B3A-4055-B1D4-78FBA77B2646}.Debug|Any CPU.Build.0 = Debug|Any CPU
		{923CF6ED-7B3A-4055-B1D4-78FBA77B2646}.Release|Any CPU.ActiveCfg = Release|Any CPU
		{923CF6ED-7B3A-4055-B1D4-78FBA77B2646}.Release|Any CPU.Build.0 = Release|Any CPU
		{F033D37A-8C9A-4328-B26F-6A8B3DF872BD}.Debug|Any CPU.ActiveCfg = Debug|Any CPU
		{F033D37A-8C9A-4328-B26F-6A8B3DF872BD}.Debug|Any CPU.Build.0 = Debug|Any CPU
		{F033D37A-8C9A-4328-B26F-6A8B3DF872BD}.Release|Any CPU.ActiveCfg = Release|Any CPU
		{F033D37A-8C9A-4328-B26F-6A8B3DF872BD}.Release|Any CPU.Build.0 = Release|Any CPU
		{F58F9202-CDAC-4EC2-8A20-987A509DB36F}.Debug|Any CPU.ActiveCfg = Debug|Any CPU
		{F58F9202-CDAC-4EC2-8A20-987A509DB36F}.Debug|Any CPU.Build.0 = Debug|Any CPU
		{F58F9202-CDAC-4EC2-8A20-987A509DB36F}.Release|Any CPU.ActiveCfg = Release|Any CPU
		{F58F9202-CDAC-4EC2-8A20-987A509DB36F}.Release|Any CPU.Build.0 = Release|Any CPU
		{0A12265E-A091-44B1-8719-105B567F0279}.Debug|Any CPU.ActiveCfg = Debug|Any CPU
		{0A12265E-A091-44B1-8719-105B567F0279}.Debug|Any CPU.Build.0 = Debug|Any CPU
		{0A12265E-A091-44B1-8719-105B567F0279}.Release|Any CPU.ActiveCfg = Release|Any CPU
		{0A12265E-A091-44B1-8719-105B567F0279}.Release|Any CPU.Build.0 = Release|Any CPU
		{B7332656-EE12-42FC-99C9-CFD92BFCAAA6}.Debug|Any CPU.ActiveCfg = Debug|Any CPU
		{B7332656-EE12-42FC-99C9-CFD92BFCAAA6}.Debug|Any CPU.Build.0 = Debug|Any CPU
		{B7332656-EE12-42FC-99C9-CFD92BFCAAA6}.Release|Any CPU.ActiveCfg = Release|Any CPU
		{B7332656-EE12-42FC-99C9-CFD92BFCAAA6}.Release|Any CPU.Build.0 = Release|Any CPU
		{76AD9218-CFAA-47C9-9701-F21873A7FD09}.Debug|Any CPU.ActiveCfg = Debug|Any CPU
		{76AD9218-CFAA-47C9-9701-F21873A7FD09}.Debug|Any CPU.Build.0 = Debug|Any CPU
		{76AD9218-CFAA-47C9-9701-F21873A7FD09}.Release|Any CPU.ActiveCfg = Release|Any CPU
		{76AD9218-CFAA-47C9-9701-F21873A7FD09}.Release|Any CPU.Build.0 = Release|Any CPU
		{48B9C90D-901E-49E0-8CE7-42268FB1A4F8}.Debug|Any CPU.ActiveCfg = Debug|Any CPU
		{48B9C90D-901E-49E0-8CE7-42268FB1A4F8}.Debug|Any CPU.Build.0 = Debug|Any CPU
		{48B9C90D-901E-49E0-8CE7-42268FB1A4F8}.Release|Any CPU.ActiveCfg = Release|Any CPU
		{48B9C90D-901E-49E0-8CE7-42268FB1A4F8}.Release|Any CPU.Build.0 = Release|Any CPU
		{80594263-B664-43DD-8D9B-B2D1B6C72071}.Debug|Any CPU.ActiveCfg = Debug|Any CPU
		{80594263-B664-43DD-8D9B-B2D1B6C72071}.Debug|Any CPU.Build.0 = Debug|Any CPU
		{80594263-B664-43DD-8D9B-B2D1B6C72071}.Release|Any CPU.ActiveCfg = Release|Any CPU
		{80594263-B664-43DD-8D9B-B2D1B6C72071}.Release|Any CPU.Build.0 = Release|Any CPU
		{AA4CC9B1-A626-49AF-947F-E83CB6BCB08B}.Debug|Any CPU.ActiveCfg = Debug|Any CPU
		{AA4CC9B1-A626-49AF-947F-E83CB6BCB08B}.Debug|Any CPU.Build.0 = Debug|Any CPU
		{AA4CC9B1-A626-49AF-947F-E83CB6BCB08B}.Release|Any CPU.ActiveCfg = Release|Any CPU
		{AA4CC9B1-A626-49AF-947F-E83CB6BCB08B}.Release|Any CPU.Build.0 = Release|Any CPU
		{D95590BF-2421-4F27-8039-9D7834D8AD04}.Debug|Any CPU.ActiveCfg = Debug|Any CPU
		{D95590BF-2421-4F27-8039-9D7834D8AD04}.Debug|Any CPU.Build.0 = Debug|Any CPU
		{D95590BF-2421-4F27-8039-9D7834D8AD04}.Release|Any CPU.ActiveCfg = Release|Any CPU
		{D95590BF-2421-4F27-8039-9D7834D8AD04}.Release|Any CPU.Build.0 = Release|Any CPU
		{C5ADA75F-63B7-42BB-BC87-634EC251FE94}.Debug|Any CPU.ActiveCfg = Debug|Any CPU
		{C5ADA75F-63B7-42BB-BC87-634EC251FE94}.Debug|Any CPU.Build.0 = Debug|Any CPU
		{C5ADA75F-63B7-42BB-BC87-634EC251FE94}.Release|Any CPU.ActiveCfg = Release|Any CPU
		{C5ADA75F-63B7-42BB-BC87-634EC251FE94}.Release|Any CPU.Build.0 = Release|Any CPU
	EndGlobalSection
	GlobalSection(SolutionProperties) = preSolution
		HideSolutionNode = FALSE
	EndGlobalSection
EndGlobal
